
Microsoft Visual Studio Solution File, Format Version 12.00
# Visual Studio Version 17
VisualStudioVersion = 17.0.31903.59
MinimumVisualStudioVersion = 10.0.40219.1
Project("{2150E333-8FDC-42A3-9474-1A3956D46DE8}") = "PS02", "PS02", "{37D0CBAE-9FD1-4325-4DCA-DF9D5BC74AF8}"
EndProject
Project("{FAE04EC0-301F-11D3-BF4B-00C04F79EFBC}") = "ConsoleApp02", "PS02\ConsoleApp02\ConsoleApp02.csproj", "{788BB856-FB5E-48B6-9E88-AD005D678884}"
EndProject
Project("{2150E333-8FDC-42A3-9474-1A3956D46DE8}") = "PS03", "PS03", "{5480D74B-0D41-1902-3279-FC29E6099545}"
EndProject
Project("{FAE04EC0-301F-11D3-BF4B-00C04F79EFBC}") = "ConsoleApp03", "PS03\ConsoleApp03\ConsoleApp03.csproj", "{0E24FA1F-037F-49CE-8B16-EAE8F5D0CE38}"
EndProject
Project("{2150E333-8FDC-42A3-9474-1A3956D46DE8}") = "PS04", "PS04", "{2BC0B544-F1A8-ED85-2625-C806A34C3EBA}"
EndProject
Project("{FAE04EC0-301F-11D3-BF4B-00C04F79EFBC}") = "ConsoleApp04", "PS04\ConsoleApp04\ConsoleApp04.csproj", "{D7121614-2568-42A5-845C-132DBC429C68}"
EndProject
Project("{2150E333-8FDC-42A3-9474-1A3956D46DE8}") = "PS05", "PS05", "{FE4064EB-664D-6860-EE1D-B3180B4646CB}"
EndProject
Project("{FAE04EC0-301F-11D3-BF4B-00C04F79EFBC}") = "ConsoleApp05", "PS05\ConsoleApp05\ConsoleApp05.csproj", "{B92EB9CB-FE67-4950-B07C-8EADBA6A5DD0}"
EndProject
Project("{2150E333-8FDC-42A3-9474-1A3956D46DE8}") = "PS06", "PS06", "{EEB91645-FC73-039D-FCB6-E3B9E920FB1B}"
EndProject
Project("{FAE04EC0-301F-11D3-BF4B-00C04F79EFBC}") = "ConsoleApp06", "PS06\ConsoleApp06\ConsoleApp06.csproj", "{6C81C6B5-1D60-406C-9295-781A20A11F02}"
EndProject
Project("{2150E333-8FDC-42A3-9474-1A3956D46DE8}") = "PS07", "PS07", "{3A018E2A-9D4E-CE13-2409-4C35B3C29220}"
EndProject
Project("{FAE04EC0-301F-11D3-BF4B-00C04F79EFBC}") = "ConsoleApp07", "PS07\ConsoleApp07\ConsoleApp07.csproj", "{BEEDAA6E-BB77-4300-912A-9076BE5F2206}"
EndProject
Project("{2150E333-8FDC-42A3-9474-1A3956D46DE8}") = "PS08", "PS08", "{8B593729-F202-3F49-43EB-D321849592D0}"
EndProject
Project("{FAE04EC0-301F-11D3-BF4B-00C04F79EFBC}") = "ConsoleApp08", "PS08\ConsoleApp08\ConsoleApp08.csproj", "{498187C7-CE96-40A3-A692-A5E1F655F3AA}"
EndProject
Project("{FAE04EC0-301F-11D3-BF4B-00C04F79EFBC}") = "ConsoleApp06_Dodatkowe", "PS06\ConsoleApp06_Dodatkowe\ConsoleApp06_Dodatkowe.csproj", "{0C8017F6-3057-450E-92EC-96F47C770EC1}"
EndProject
Global
	GlobalSection(SolutionConfigurationPlatforms) = preSolution
		Debug|Any CPU = Debug|Any CPU
		Debug|x64 = Debug|x64
		Debug|x86 = Debug|x86
		Release|Any CPU = Release|Any CPU
		Release|x64 = Release|x64
		Release|x86 = Release|x86
	EndGlobalSection
	GlobalSection(ProjectConfigurationPlatforms) = postSolution
		{788BB856-FB5E-48B6-9E88-AD005D678884}.Debug|Any CPU.ActiveCfg = Debug|Any CPU
		{788BB856-FB5E-48B6-9E88-AD005D678884}.Debug|Any CPU.Build.0 = Debug|Any CPU
		{788BB856-FB5E-48B6-9E88-AD005D678884}.Debug|x64.ActiveCfg = Debug|Any CPU
		{788BB856-FB5E-48B6-9E88-AD005D678884}.Debug|x64.Build.0 = Debug|Any CPU
		{788BB856-FB5E-48B6-9E88-AD005D678884}.Debug|x86.ActiveCfg = Debug|Any CPU
		{788BB856-FB5E-48B6-9E88-AD005D678884}.Debug|x86.Build.0 = Debug|Any CPU
		{788BB856-FB5E-48B6-9E88-AD005D678884}.Release|Any CPU.ActiveCfg = Release|Any CPU
		{788BB856-FB5E-48B6-9E88-AD005D678884}.Release|Any CPU.Build.0 = Release|Any CPU
		{788BB856-FB5E-48B6-9E88-AD005D678884}.Release|x64.ActiveCfg = Release|Any CPU
		{788BB856-FB5E-48B6-9E88-AD005D678884}.Release|x64.Build.0 = Release|Any CPU
		{788BB856-FB5E-48B6-9E88-AD005D678884}.Release|x86.ActiveCfg = Release|Any CPU
		{788BB856-FB5E-48B6-9E88-AD005D678884}.Release|x86.Build.0 = Release|Any CPU
		{0E24FA1F-037F-49CE-8B16-EAE8F5D0CE38}.Debug|Any CPU.ActiveCfg = Debug|Any CPU
		{0E24FA1F-037F-49CE-8B16-EAE8F5D0CE38}.Debug|Any CPU.Build.0 = Debug|Any CPU
		{0E24FA1F-037F-49CE-8B16-EAE8F5D0CE38}.Debug|x64.ActiveCfg = Debug|Any CPU
		{0E24FA1F-037F-49CE-8B16-EAE8F5D0CE38}.Debug|x64.Build.0 = Debug|Any CPU
		{0E24FA1F-037F-49CE-8B16-EAE8F5D0CE38}.Debug|x86.ActiveCfg = Debug|Any CPU
		{0E24FA1F-037F-49CE-8B16-EAE8F5D0CE38}.Debug|x86.Build.0 = Debug|Any CPU
		{0E24FA1F-037F-49CE-8B16-EAE8F5D0CE38}.Release|Any CPU.ActiveCfg = Release|Any CPU
		{0E24FA1F-037F-49CE-8B16-EAE8F5D0CE38}.Release|Any CPU.Build.0 = Release|Any CPU
		{0E24FA1F-037F-49CE-8B16-EAE8F5D0CE38}.Release|x64.ActiveCfg = Release|Any CPU
		{0E24FA1F-037F-49CE-8B16-EAE8F5D0CE38}.Release|x64.Build.0 = Release|Any CPU
		{0E24FA1F-037F-49CE-8B16-EAE8F5D0CE38}.Release|x86.ActiveCfg = Release|Any CPU
		{0E24FA1F-037F-49CE-8B16-EAE8F5D0CE38}.Release|x86.Build.0 = Release|Any CPU
		{D7121614-2568-42A5-845C-132DBC429C68}.Debug|Any CPU.ActiveCfg = Debug|Any CPU
		{D7121614-2568-42A5-845C-132DBC429C68}.Debug|Any CPU.Build.0 = Debug|Any CPU
		{D7121614-2568-42A5-845C-132DBC429C68}.Debug|x64.ActiveCfg = Debug|Any CPU
		{D7121614-2568-42A5-845C-132DBC429C68}.Debug|x64.Build.0 = Debug|Any CPU
		{D7121614-2568-42A5-845C-132DBC429C68}.Debug|x86.ActiveCfg = Debug|Any CPU
		{D7121614-2568-42A5-845C-132DBC429C68}.Debug|x86.Build.0 = Debug|Any CPU
		{D7121614-2568-42A5-845C-132DBC429C68}.Release|Any CPU.ActiveCfg = Release|Any CPU
		{D7121614-2568-42A5-845C-132DBC429C68}.Release|Any CPU.Build.0 = Release|Any CPU
		{D7121614-2568-42A5-845C-132DBC429C68}.Release|x64.ActiveCfg = Release|Any CPU
		{D7121614-2568-42A5-845C-132DBC429C68}.Release|x64.Build.0 = Release|Any CPU
		{D7121614-2568-42A5-845C-132DBC429C68}.Release|x86.ActiveCfg = Release|Any CPU
		{D7121614-2568-42A5-845C-132DBC429C68}.Release|x86.Build.0 = Release|Any CPU
		{B92EB9CB-FE67-4950-B07C-8EADBA6A5DD0}.Debug|Any CPU.ActiveCfg = Debug|Any CPU
		{B92EB9CB-FE67-4950-B07C-8EADBA6A5DD0}.Debug|Any CPU.Build.0 = Debug|Any CPU
		{B92EB9CB-FE67-4950-B07C-8EADBA6A5DD0}.Debug|x64.ActiveCfg = Debug|Any CPU
		{B92EB9CB-FE67-4950-B07C-8EADBA6A5DD0}.Debug|x64.Build.0 = Debug|Any CPU
		{B92EB9CB-FE67-4950-B07C-8EADBA6A5DD0}.Debug|x86.ActiveCfg = Debug|Any CPU
		{B92EB9CB-FE67-4950-B07C-8EADBA6A5DD0}.Debug|x86.Build.0 = Debug|Any CPU
		{B92EB9CB-FE67-4950-B07C-8EADBA6A5DD0}.Release|Any CPU.ActiveCfg = Release|Any CPU
		{B92EB9CB-FE67-4950-B07C-8EADBA6A5DD0}.Release|Any CPU.Build.0 = Release|Any CPU
		{B92EB9CB-FE67-4950-B07C-8EADBA6A5DD0}.Release|x64.ActiveCfg = Release|Any CPU
		{B92EB9CB-FE67-4950-B07C-8EADBA6A5DD0}.Release|x64.Build.0 = Release|Any CPU
		{B92EB9CB-FE67-4950-B07C-8EADBA6A5DD0}.Release|x86.ActiveCfg = Release|Any CPU
		{B92EB9CB-FE67-4950-B07C-8EADBA6A5DD0}.Release|x86.Build.0 = Release|Any CPU
		{6C81C6B5-1D60-406C-9295-781A20A11F02}.Debug|Any CPU.ActiveCfg = Debug|Any CPU
		{6C81C6B5-1D60-406C-9295-781A20A11F02}.Debug|Any CPU.Build.0 = Debug|Any CPU
		{6C81C6B5-1D60-406C-9295-781A20A11F02}.Debug|x64.ActiveCfg = Debug|Any CPU
		{6C81C6B5-1D60-406C-9295-781A20A11F02}.Debug|x64.Build.0 = Debug|Any CPU
		{6C81C6B5-1D60-406C-9295-781A20A11F02}.Debug|x86.ActiveCfg = Debug|Any CPU
		{6C81C6B5-1D60-406C-9295-781A20A11F02}.Debug|x86.Build.0 = Debug|Any CPU
		{6C81C6B5-1D60-406C-9295-781A20A11F02}.Release|Any CPU.ActiveCfg = Release|Any CPU
		{6C81C6B5-1D60-406C-9295-781A20A11F02}.Release|Any CPU.Build.0 = Release|Any CPU
		{6C81C6B5-1D60-406C-9295-781A20A11F02}.Release|x64.ActiveCfg = Release|Any CPU
		{6C81C6B5-1D60-406C-9295-781A20A11F02}.Release|x64.Build.0 = Release|Any CPU
		{6C81C6B5-1D60-406C-9295-781A20A11F02}.Release|x86.ActiveCfg = Release|Any CPU
		{6C81C6B5-1D60-406C-9295-781A20A11F02}.Release|x86.Build.0 = Release|Any CPU
		{BEEDAA6E-BB77-4300-912A-9076BE5F2206}.Debug|Any CPU.ActiveCfg = Debug|Any CPU
		{BEEDAA6E-BB77-4300-912A-9076BE5F2206}.Debug|Any CPU.Build.0 = Debug|Any CPU
		{BEEDAA6E-BB77-4300-912A-9076BE5F2206}.Debug|x64.ActiveCfg = Debug|Any CPU
		{BEEDAA6E-BB77-4300-912A-9076BE5F2206}.Debug|x64.Build.0 = Debug|Any CPU
		{BEEDAA6E-BB77-4300-912A-9076BE5F2206}.Debug|x86.ActiveCfg = Debug|Any CPU
		{BEEDAA6E-BB77-4300-912A-9076BE5F2206}.Debug|x86.Build.0 = Debug|Any CPU
		{BEEDAA6E-BB77-4300-912A-9076BE5F2206}.Release|Any CPU.ActiveCfg = Release|Any CPU
		{BEEDAA6E-BB77-4300-912A-9076BE5F2206}.Release|Any CPU.Build.0 = Release|Any CPU
		{BEEDAA6E-BB77-4300-912A-9076BE5F2206}.Release|x64.ActiveCfg = Release|Any CPU
		{BEEDAA6E-BB77-4300-912A-9076BE5F2206}.Release|x64.Build.0 = Release|Any CPU
		{BEEDAA6E-BB77-4300-912A-9076BE5F2206}.Release|x86.ActiveCfg = Release|Any CPU
		{BEEDAA6E-BB77-4300-912A-9076BE5F2206}.Release|x86.Build.0 = Release|Any CPU
		{498187C7-CE96-40A3-A692-A5E1F655F3AA}.Debug|Any CPU.ActiveCfg = Debug|Any CPU
		{498187C7-CE96-40A3-A692-A5E1F655F3AA}.Debug|Any CPU.Build.0 = Debug|Any CPU
		{498187C7-CE96-40A3-A692-A5E1F655F3AA}.Debug|x64.ActiveCfg = Debug|Any CPU
		{498187C7-CE96-40A3-A692-A5E1F655F3AA}.Debug|x64.Build.0 = Debug|Any CPU
		{498187C7-CE96-40A3-A692-A5E1F655F3AA}.Debug|x86.ActiveCfg = Debug|Any CPU
		{498187C7-CE96-40A3-A692-A5E1F655F3AA}.Debug|x86.Build.0 = Debug|Any CPU
		{498187C7-CE96-40A3-A692-A5E1F655F3AA}.Release|Any CPU.ActiveCfg = Release|Any CPU
		{498187C7-CE96-40A3-A692-A5E1F655F3AA}.Release|Any CPU.Build.0 = Release|Any CPU
		{498187C7-CE96-40A3-A692-A5E1F655F3AA}.Release|x64.ActiveCfg = Release|Any CPU
		{498187C7-CE96-40A3-A692-A5E1F655F3AA}.Release|x64.Build.0 = Release|Any CPU
		{498187C7-CE96-40A3-A692-A5E1F655F3AA}.Release|x86.ActiveCfg = Release|Any CPU
		{498187C7-CE96-40A3-A692-A5E1F655F3AA}.Release|x86.Build.0 = Release|Any CPU
		{0C8017F6-3057-450E-92EC-96F47C770EC1}.Debug|Any CPU.ActiveCfg = Debug|Any CPU
		{0C8017F6-3057-450E-92EC-96F47C770EC1}.Debug|Any CPU.Build.0 = Debug|Any CPU
		{0C8017F6-3057-450E-92EC-96F47C770EC1}.Debug|x64.ActiveCfg = Debug|Any CPU
		{0C8017F6-3057-450E-92EC-96F47C770EC1}.Debug|x64.Build.0 = Debug|Any CPU
		{0C8017F6-3057-450E-92EC-96F47C770EC1}.Debug|x86.ActiveCfg = Debug|Any CPU
		{0C8017F6-3057-450E-92EC-96F47C770EC1}.Debug|x86.Build.0 = Debug|Any CPU
		{0C8017F6-3057-450E-92EC-96F47C770EC1}.Release|Any CPU.ActiveCfg = Release|Any CPU
		{0C8017F6-3057-450E-92EC-96F47C770EC1}.Release|Any CPU.Build.0 = Release|Any CPU
		{0C8017F6-3057-450E-92EC-96F47C770EC1}.Release|x64.ActiveCfg = Release|Any CPU
		{0C8017F6-3057-450E-92EC-96F47C770EC1}.Release|x64.Build.0 = Release|Any CPU
		{0C8017F6-3057-450E-92EC-96F47C770EC1}.Release|x86.ActiveCfg = Release|Any CPU
		{0C8017F6-3057-450E-92EC-96F47C770EC1}.Release|x86.Build.0 = Release|Any CPU
	EndGlobalSection
	GlobalSection(SolutionProperties) = preSolution
		HideSolutionNode = FALSE
	EndGlobalSection
	GlobalSection(NestedProjects) = preSolution
		{788BB856-FB5E-48B6-9E88-AD005D678884} = {37D0CBAE-9FD1-4325-4DCA-DF9D5BC74AF8}
		{0E24FA1F-037F-49CE-8B16-EAE8F5D0CE38} = {5480D74B-0D41-1902-3279-FC29E6099545}
		{D7121614-2568-42A5-845C-132DBC429C68} = {2BC0B544-F1A8-ED85-2625-C806A34C3EBA}
		{B92EB9CB-FE67-4950-B07C-8EADBA6A5DD0} = {FE4064EB-664D-6860-EE1D-B3180B4646CB}
		{6C81C6B5-1D60-406C-9295-781A20A11F02} = {EEB91645-FC73-039D-FCB6-E3B9E920FB1B}
		{BEEDAA6E-BB77-4300-912A-9076BE5F2206} = {3A018E2A-9D4E-CE13-2409-4C35B3C29220}
		{498187C7-CE96-40A3-A692-A5E1F655F3AA} = {8B593729-F202-3F49-43EB-D321849592D0}
		{0C8017F6-3057-450E-92EC-96F47C770EC1} = {EEB91645-FC73-039D-FCB6-E3B9E920FB1B}
	EndGlobalSection
EndGlobal
